---
http_interactions:
- request:
    method: get
    uri: http://twitpic.com/92a2p5
    body:
      encoding: US-ASCII
      string: ''
    headers:
      accept:
      - ! '*/*'
      user-agent:
      - Ruby
  response:
    status:
      code: 200
      message: !binary |-
        T0s=
    headers:
      !binary "c2VydmVy":
      - !binary |-
        bmdpbng=
      !binary "ZGF0ZQ==":
      - !binary |-
        TW9uLCAwMyBEZWMgMjAxMiAwNzo1NzoxMyBHTVQ=
      !binary "Y29udGVudC10eXBl":
      - !binary |-
        dGV4dC9odG1s
      !binary "dHJhbnNmZXItZW5jb2Rpbmc=":
      - !binary |-
        Y2h1bmtlZA==
      !binary "Y29ubmVjdGlvbg==":
      - !binary |-
        Y2xvc2U=
      !binary "eC1wb3dlcmVkLWJ5":
      - !binary |-
        UEhQLzUuMy41LTF1YnVudHU3LjI=
      !binary "c2V0LWNvb2tpZQ==":
      - !binary |-
        dHdpdHBpYzE9YWJlZDA1YzhmNTUwMWIyMWEyMGQzMTkwZTcxNjliMmY7IGV4
        cGlyZXM9U2F0LCAwNi1Ob3YtMjA1NSAxNTo1NDoyNCBHTVQ7IHBhdGg9Lzsg
        ZG9tYWluPS50d2l0cGljLmNvbTsgSHR0cE9ubHk=
      !binary "ZXhwaXJlcw==":
      - !binary |-
        VGh1LCAxOSBOb3YgMTk4MSAwODo1MjowMCBHTVQ=
      !binary "Y2FjaGUtY29udHJvbA==":
      - !binary |-
        bm8tc3RvcmUsIG5vLWNhY2hlLCBtdXN0LXJldmFsaWRhdGUsIHBvc3QtY2hl
        Y2s9MCwgcHJlLWNoZWNrPTA=
      !binary "cHJhZ21h":
      - !binary |-
        bm8tY2FjaGU=
    body:
      encoding: ASCII-8BIT
      string: !binary |-
        PCFET0NUWVBFIGh0bWw+CjxodG1sIGxhbmc9ImVuIj4KPGhlYWQgeG1sbnM9
        Imh0dHA6Ly93d3cudzMub3JnLzE5OTkveGh0bWwiCiAgICAgIHhtbG5zOm9n
        PSJodHRwOi8vb2dwLm1lL25zIyIKICAgICAgeG1sbnM6ZmI9Imh0dHBzOi8v
        d3d3LmZhY2Vib29rLmNvbS8yMDA4L2ZibWwiPgogICAgICAKCTxtZXRhIGh0
        dHAtZXF1aXY9ImNvbnRlbnQtdHlwZSIgY29udGVudD0idGV4dC9odG1sOyBj
        aGFyc2V0PXV0Zi04IiAvPgogIAk8bWV0YSBodHRwLWVxdWl2PSJYLVVBLUNv
        bXBhdGlibGUiIGNvbnRlbnQ9IklFPWVkZ2UiIC8+CiAgCTxsaW5rIHJlbD0i
        c2hvcnRjdXQgaWNvbiIgdHlwZT0iaW1hZ2UveC1pY29uIiBocmVmPSIvaW1h
        Z2VzL2Zhdmljb24uaWNvIj4KCgk8dGl0bGU+6Zyn6YeO5YWI6Lyp44Gu6auq
        6Imy5aSJ44GI44Gm44G/44GfIG9uIFR3aXRwaWM8L3RpdGxlPgoJCgk8IS0t
        IEZhY2Vib29rIE1ldGEgLS0+CjxsaW5rIHJlbD0iaW1hZ2Vfc3JjIiBocmVm
        PSJodHRwOi8vdHdpdHBpYy5jb20vc2hvdy90aHVtYi85MmEycDUuanBnIiAv
        PgoKPG1ldGEgcHJvcGVydHk9Im9nOnRpdGxlIiBjb250ZW50PSLpnKfph47l
        hYjovKnjga7pq6roibLlpInjgYjjgabjgb/jgZ8gLSB2aWEgQHJvY28wODl4
        Ii8+Cgo8bWV0YSBwcm9wZXJ0eT0ib2c6dHlwZSIgY29udGVudD0idHdpdHBp
        Y2ZiYXBwOnBob3RvIiAvPgo8bWV0YSBwcm9wZXJ0eT0ib2c6dXJsIiBjb250
        ZW50PSJodHRwOi8vdHdpdHBpYy5jb20vOTJhMnA1Ii8+CjxtZXRhIHByb3Bl
        cnR5PSJvZzppbWFnZSIgY29udGVudD0iaHR0cDovL3R3aXRwaWMuY29tL3No
        b3cvdGh1bWIvOTJhMnA1Ii8+Cgo8bWV0YSBwcm9wZXJ0eT0ib2c6c2l0ZV9u
        YW1lIiBjb250ZW50PSJUd2l0UGljIi8+CjxtZXRhIHByb3BlcnR5PSJmYjph
        cHBfaWQiIGNvbnRlbnQ9IjMzMTUzODY4MzUzMDczNiIgLz4KCjwhLS0gVHdp
        dHRlciBDYXJkcyAtLT4KCiAgPG1ldGEgbmFtZT0idHdpdHRlcjpjYXJkIiB2
        YWx1ZT0icGhvdG8iIC8+Cgo8bWV0YSBuYW1lPSJ0d2l0dGVyOnRpdGxlIiB2
        YWx1ZT0iIiAvPgo8bWV0YSBuYW1lPSJ0d2l0dGVyOmRlc2NyaXB0aW9uIiB2
        YWx1ZT0i6Zyn6YeO5YWI6Lyp44Gu6auq6Imy5aSJ44GI44Gm44G/44GfIiAv
        Pgo8bWV0YSBuYW1lPSJ0d2l0dGVyOnVybCIgdmFsdWU9Imh0dHBzOi8vdHdp
        dHBpYy5jb20vOTJhMnA1IiAvPgo8bWV0YSBuYW1lPSJ0d2l0dGVyOmltYWdl
        IiB2YWx1ZT0iaHR0cHM6Ly90d2l0cGljLmNvbS9zaG93L2xhcmdlLzkyYTJw
        NS5qcGciIC8+CgogIDxtZXRhIG5hbWU9InR3aXR0ZXI6aW1hZ2U6d2lkdGgi
        IHZhbHVlPSI2MDAiIC8+CiAgPG1ldGEgbmFtZT0idHdpdHRlcjppbWFnZTpo
        ZWlnaHQiIHZhbHVlPSI1MDgiIC8+CgoKPG1ldGEgbmFtZT0idHdpdHRlcjpz
        aXRlIiB2YWx1ZT0iQHR3aXRwaWMiIC8+CjxtZXRhIG5hbWU9InR3aXR0ZXI6
        c2l0ZTppZCIgdmFsdWU9IjEyOTI1MDcyIiAvPgo8bWV0YSBuYW1lPSJ0d2l0
        dGVyOmNyZWF0b3IiIHZhbHVlPSJAcm9jbzA4OXgiIC8+CjxtZXRhIG5hbWU9
        InR3aXR0ZXI6Y3JlYXRvcjppZCIgdmFsdWU9IjI4NjAzNzI1NiIgLz4KCgoK
        CjwhLS0gT3VyIFN0eWxlc2hlZXRzIC0tPgo8bGluayByZWw9InN0eWxlc2hl
        ZXQiIHR5cGU9InRleHQvY3NzIiBocmVmPSIvY3NzL2Jhc2VsaW5lL2Jhc2Vs
        aW5lLm1pbi5jc3MiIC8+CjxsaW5rIHJlbD0ic3R5bGVzaGVldCIgdHlwZT0i
        dGV4dC9jc3MiIGhyZWY9Ii9jc3MvbGliL21haW4ubWluLmNzcz92MiIgLz4K
        CjwhLS0gUmVxdWlyZWQgSlMgTGlicyAtLT4KPHNjcmlwdCB0eXBlPSJ0ZXh0
        L2phdmFzY3JpcHQiIHNyYz0iLy9hamF4Lmdvb2dsZWFwaXMuY29tL2FqYXgv
        bGlicy9qcXVlcnkvMS43LjEvanF1ZXJ5Lm1pbi5qcyI+PC9zY3JpcHQ+Cjxz
        Y3JpcHQgdHlwZT0idGV4dC9qYXZhc2NyaXB0IiBzcmM9Ii9qcy9leHQvanF1
        ZXJ5LnRpbWVhZ28uanMiPjwvc2NyaXB0Pgo8c2NyaXB0IHR5cGU9InRleHQv
        amF2YXNjcmlwdCIgc3JjPSIvanMvZXh0L2Vqcy5qcyI+PC9zY3JpcHQ+Cjxz
        Y3JpcHQgdHlwZT0idGV4dC9qYXZhc2NyaXB0IiBzcmM9Ii8vbWFwcy5nb29n
        bGUuY29tL21hcHMvYXBpL2pzP3NlbnNvcj1mYWxzZSI+PC9zY3JpcHQ+Cjxz
        Y3JpcHQgdHlwZT0idGV4dC9qYXZhc2NyaXB0IiBzcmM9Ii9qcy9zd2Z1cGxv
        YWQvc3dmdXBsb2FkLmpzIj48L3NjcmlwdD4KPHNjcmlwdCBzcmM9Ii8vcGxh
        dGZvcm0udHdpdHRlci5jb20vYW55d2hlcmUuanM/aWQ9RmVCNHc2aWFJMklD
        R3RMMVpFMGpRJnY9MSIgdHlwZT0idGV4dC9qYXZhc2NyaXB0Ij48L3Njcmlw
        dD4KCjxzY3JpcHQgdHlwZT0idGV4dC9qYXZhc2NyaXB0Ij4KIHZhciBhZGR0
        aGlzX2NvbmZpZyA9IHsKICAgIHB1YmlkOiAndHdpdHBpYycsCiAgICBzZXJ2
        aWNlc19leGNsdWRlOiAiZmFjZWJvb2ssdHdpdHRlciIKICB9OwoKICB2YXIg
        YWRkdGhpc19zaGFyZSA9IHsKICAgIHRpdGxlOiAi6Zyn6YeO5YWI6Lyp44Gu
        6auq6Imy5aSJ44GI44Gm44G/44GfIiwKICAgIGRlc2NyaXB0aW9uOiAi6Zyn
        6YeO5YWI6Lyp44Gu6auq6Imy5aSJ44GI44Gm44G/44GfIiwKICAgIHRlbXBs
        YXRlczogewogICAgICB0d2l0dGVyOiAi6Zyn6YeO5YWI6Lyp44Gu6auq6Imy
        5aSJ44GI44Gm44G/44GfIHt7dXJsfX0gdmlhIEBUd2l0UGljIgogICAgfQog
        IH07Cjwvc2NyaXB0Pgo8c2NyaXB0IHR5cGU9InRleHQvamF2YXNjcmlwdCIg
        c3JjPSIvL3M3LmFkZHRoaXMuY29tL2pzLzMwMC9hZGR0aGlzX3dpZGdldC5q
        cyNwdWJpZD10d2l0cGljIj48L3NjcmlwdD4KCjwhLS0gT3VyIEpTIExpYiAt
        LT4KPHNjcmlwdCB0eXBlPSJ0ZXh0L2phdmFzY3JpcHQiIHNyYz0iL2pzL2xp
        Yi90d2l0cGljLm1pbi5qcz92NyI+PC9zY3JpcHQ+Cgo8IS0tIFZpZGVvSlMg
        LS0+CjxzY3JpcHQgdHlwZT0idGV4dC9qYXZhc2NyaXB0IiBzcmM9Ii9qcy92
        aWRlby1qcy92aWRlby5qcyI+PC9zY3JpcHQ+CjxsaW5rIHR5cGU9InRleHQv
        Y3NzIiByZWw9InN0eWxlc2hlZXQiIGhyZWY9Ii9qcy92aWRlby1qcy92aWRl
        by1qcy5jc3MiIC8+CjxsaW5rIHR5cGU9InRleHQvY3NzIiByZWw9InN0eWxl
        c2hlZXQiIGhyZWY9Ii9qcy92aWRlby1qcy9za2lucy92aW0uY3NzIiAvPgo8
        IS0tIEVuZCBWaWRlb0pTIC0tPgoKPHNjcmlwdCB0eXBlPSJ0ZXh0L2phdmFz
        Y3JpcHQiPgoJVHdpdHBpYy5sb2FkKCk7CgoJVHdpdHBpYy5Db25maWcuc2V0
        KHsiYWN0aXZlVXNlciI6bnVsbCwiUEhQU0VTU0lEIjoiYWJlZDA1YzhmNTUw
        MWIyMWEyMGQzMTkwZTcxNjliMmYiLCJpc19tb2JpbGUiOmZhbHNlLCJ1c2Vy
        Ijp7ImlkIjoiMjA5NTYxNTEiLCJ0d2l0dGVyX2lkIjoiMjg2MDM3MjU2Iiwi
        dXNlcm5hbWUiOiJyb2NvMDg5eCIsIm5hbWUiOiJcdTMwODJcdTMwNDZcdTMw
        NTdcdTMwNGRcdTMwNmZcdTMwNDRcdTMwNDRcdTMwODgiLCJsb2NhdGlvbiI6
        IitXZWI/Pz8iLCJ3ZWJzaXRlIjoiaHR0cDpcL1wvdHdwZi5qcFwvcm9jbzA4
        OXgiLCJiaW8iOiJcdTMwNTdcdTMwNGRcdTMwNjdcdTMwNTlcdTMwMDJcdTI1
        Yzdwa21uXC9cdTllZDJcdTMwZDBcdTMwYjlcL1x1ZmYyYlx1NGUyZFx1NWZj
        M1x1MzA2Ylx1ODI3Mlx1MzAwNVx1NTk3ZFx1MzA0ZFx1ZmYwMSBcdTgxNTBc
        dTMwNjNcdTMwNjZcdTMwN2VcdTMwNTlcdTMwMDIyLjVcdTMwMDEzXHU2YjIx
        XHU1MTQzXHUzMDgyXHU1OTdkXHUzMDRkXHUzMDYwXHUzMDRiXHUzMDg5XHU4
        MmU2XHU2MjRiXHUzMDZhXHU0ZWJhXHUzMDYxXHUzMDg1XHUzMDQ2XHUzMDQ0
        IiwiYXZhdGFyX3VybCI6Imh0dHA6XC9cL2EwLnR3aW1nLmNvbVwvcHJvZmls
        ZV9pbWFnZXNcLzI5MDIyMzQ3MDFcLzY0MTE0YTgxYTBmMDZjZGRlYTgxZTcz
        OWE4Zjk2NGRjX25vcm1hbC5wbmciLCJwcm9maWxlX2JhY2tncm91bmRfY29s
        b3IiOiJEOUZGREYiLCJwcm9maWxlX3RleHRfY29sb3IiOiIzMzMzMzMiLCJw
        cm9maWxlX2xpbmtfY29sb3IiOiIyOTZCNkIiLCJwcm9maWxlX3NpZGViYXJf
        ZmlsbF9jb2xvciI6IkIyRkZCQiIsInByb2ZpbGVfYmFja2dyb3VuZF9pbWFn
        ZV91cmwiOiJodHRwOlwvXC9hMC50d2ltZy5jb21cL3Byb2ZpbGVfYmFja2dy
        b3VuZF9pbWFnZXNcLzcyMjc4ODE5NlwvMGE1Zjg1NzUyZjk3OWQ3ZjdkNzdk
        ODBjOGNkNDVlZjMucG5nIiwicHJvZmlsZV9iYWNrZ3JvdW5kX3RpbGUiOiIw
        IiwidXRjX29mZnNldCI6Ii0zNjAwMCIsImdlb19lbmFibGVkIjoiMCIsInB1
        YmxpY191cGRhdGVzIjoiMCIsInB1YmxpY190YWdnaW5nIjoiMCIsImJhbm5l
        ZCI6IjAiLCJ0aW1lc3RhbXAiOiIyMDExLTA1LTA3IDA0OjI2OjEzIiwicGhv
        dG9fY291bnQiOiIyNzkiLCJwaG90b19vbmx5X2NvdW50Ijo0NTAsInZpZGVv
        X29ubHlfY291bnQiOiIwIiwiZXZlbnRzIjpudWxsLCJpbWFnZXMiOm51bGws
        InBsYWNlcyI6bnVsbH0sIm1lZGlhIjp7ImlkIjoiNTQ4MDI0ODczIiwic2hv
        cnRfaWQiOiI5MmEycDUiLCJ1c2VyX2lkIjoiMjA5NTYxNTEiLCJzb3VyY2Ui
        OiJzaXRlIiwibWVzc2FnZSI6Ilx1OTcyN1x1OTFjZVx1NTE0OFx1OGYyOVx1
        MzA2ZVx1OWFlYVx1ODI3Mlx1NTkwOVx1MzA0OFx1MzA2Nlx1MzA3Zlx1MzA1
        ZiIsInZpZXdzIjoiMTI4MCIsIndpZHRoIjoiNjAwIiwiaGVpZ2h0IjoiNTA4
        Iiwic2l6ZSI6IjM3OTg1NCIsInR5cGUiOiJqcGciLCJzdGF0dXNfaWQiOiIx
        ODQ4NjQ1OTM4NzE1MTE1NTIiLCJpbl9yZXBseV90b19zdGF0dXNfaWQiOiIw
        IiwiaW5fcmVwbHlfdG9fdXNlcl9pZCI6IjAiLCJsb2NhdGlvbiI6IiIsInRp
        bWVzdGFtcCI6IjIwMTItMDMtMjggMDQ6NDg6NDciLCJ0YWdzIjpudWxsLCJ2
        aWRlbyI6bnVsbCwibnVtYmVyX29mX2NvbW1lbnRzIjoiMCIsInVzZXIiOnsi
        aWQiOiIyMDk1NjE1MSIsInR3aXR0ZXJfaWQiOiIyODYwMzcyNTYiLCJ1c2Vy
        bmFtZSI6InJvY28wODl4IiwibmFtZSI6Ilx1MzA4Mlx1MzA0Nlx1MzA1N1x1
        MzA0ZFx1MzA2Zlx1MzA0NFx1MzA0NFx1MzA4OCIsImxvY2F0aW9uIjoiK1dl
        Yj8/PyIsIndlYnNpdGUiOiJodHRwOlwvXC90d3BmLmpwXC9yb2NvMDg5eCIs
        ImJpbyI6Ilx1MzA1N1x1MzA0ZFx1MzA2N1x1MzA1OVx1MzAwMlx1MjVjN3Br
        bW5cL1x1OWVkMlx1MzBkMFx1MzBiOVwvXHVmZjJiXHU0ZTJkXHU1ZmMzXHUz
        MDZiXHU4MjcyXHUzMDA1XHU1OTdkXHUzMDRkXHVmZjAxIFx1ODE1MFx1MzA2
        M1x1MzA2Nlx1MzA3ZVx1MzA1OVx1MzAwMjIuNVx1MzAwMTNcdTZiMjFcdTUx
        NDNcdTMwODJcdTU5N2RcdTMwNGRcdTMwNjBcdTMwNGJcdTMwODlcdTgyZTZc
        dTYyNGJcdTMwNmFcdTRlYmFcdTMwNjFcdTMwODVcdTMwNDZcdTMwNDQiLCJh
        dmF0YXJfdXJsIjoiaHR0cDpcL1wvYTAudHdpbWcuY29tXC9wcm9maWxlX2lt
        YWdlc1wvMjkwMjIzNDcwMVwvNjQxMTRhODFhMGYwNmNkZGVhODFlNzM5YThm
        OTY0ZGNfbm9ybWFsLnBuZyIsInByb2ZpbGVfYmFja2dyb3VuZF9jb2xvciI6
        IkQ5RkZERiIsInByb2ZpbGVfdGV4dF9jb2xvciI6IjMzMzMzMyIsInByb2Zp
        bGVfbGlua19jb2xvciI6IjI5NkI2QiIsInByb2ZpbGVfc2lkZWJhcl9maWxs
        X2NvbG9yIjoiQjJGRkJCIiwicHJvZmlsZV9iYWNrZ3JvdW5kX2ltYWdlX3Vy
        bCI6Imh0dHA6XC9cL2EwLnR3aW1nLmNvbVwvcHJvZmlsZV9iYWNrZ3JvdW5k
        X2ltYWdlc1wvNzIyNzg4MTk2XC8wYTVmODU3NTJmOTc5ZDdmN2Q3N2Q4MGM4
        Y2Q0NWVmMy5wbmciLCJwcm9maWxlX2JhY2tncm91bmRfdGlsZSI6IjAiLCJ1
        dGNfb2Zmc2V0IjoiLTM2MDAwIiwiZ2VvX2VuYWJsZWQiOiIwIiwicHVibGlj
        X3VwZGF0ZXMiOiIwIiwicHVibGljX3RhZ2dpbmciOiIwIiwiYmFubmVkIjoi
        MCIsInRpbWVzdGFtcCI6IjIwMTEtMDUtMDcgMDQ6MjY6MTMiLCJwaG90b19j
        b3VudCI6IjI3OSIsInBob3RvX29ubHlfY291bnQiOjQ1MCwidmlkZW9fb25s
        eV9jb3VudCI6IjAiLCJldmVudHMiOm51bGwsImltYWdlcyI6bnVsbCwicGxh
        Y2VzIjpudWxsfSwiZmFjZXMiOm51bGwsImNvbW1lbnRzIjpudWxsLCJldmVu
        dHMiOm51bGwsImFwcGxpY2F0aW9uIjpudWxsfSwibmVpZ2hib3JzIjpbeyJp
        ZCI6IjY5NjA4NjQwNyIsInNob3J0X2lkIjoiYmlmanBqIiwidXNlcl9pZCI6
        IjIwOTU2MTUxIiwic291cmNlIjoiYXBpIiwibWVzc2FnZSI6Ilx1OWFkOFx1
        N2RkMVx1MzBhN1x1MjAyNiIsInZpZXdzIjoiMTUiLCJ3aWR0aCI6IjEyODAi
        LCJoZWlnaHQiOiI3MTkiLCJzaXplIjoiMTI5NjIzIiwidHlwZSI6ImpwZyIs
        InN0YXR1c19pZCI6IjAiLCJpbl9yZXBseV90b19zdGF0dXNfaWQiOiIwIiwi
        aW5fcmVwbHlfdG9fdXNlcl9pZCI6IjAiLCJsb2NhdGlvbiI6IiIsInRpbWVz
        dGFtcCI6IjIwMTItMTItMDIgMTI6NDQ6NDAiLCJhcHBsaWNhdGlvbiI6bnVs
        bCwidXNlciI6bnVsbCwidmlkZW8iOm51bGwsIm51bWJlcl9vZl9jb21tZW50
        cyI6IjAiLCJmYWNlcyI6bnVsbCwiY29tbWVudHMiOm51bGwsImV2ZW50cyI6
        bnVsbCwidGFncyI6bnVsbH0seyJpZCI6IjY5NTkyNTAwNCIsInNob3J0X2lk
        IjoiYmljMzY0IiwidXNlcl9pZCI6IjIwOTU2MTUxIiwic291cmNlIjoiYXBp
        IiwibWVzc2FnZSI6IltcdTg5YWFcdTUzY2JcdTMwYjNcdTMwZTlcdTMwZmNc
        dTMwYjhcdTMwZTVdIE15IFR3aXR0ZXIgQmVzdCBGcmllbmRzOiBAcHVyaW5f
        dHBnIEBuYXJpZWNoaXJlbiBAemVyb3ppIEBzYWt1bWFfYWthbmUgQHltaWt1
        YjAwIEBfeW91a2E4MDIgQGFsaXMwODU2IEBtaWFwaXlvcGFmaW4gQHNpdG9u
        NDEwX3NpbiBAa29rb3l1YmkgQHNha3VyYV8yMDAwNDI2IEBtdW5vd19jaGFu
        IGNyZWF0ZWQgYnkgaHR0cDpcL1wvdHd0bS5rclwvVEZDIiwidmlld3MiOiIx
        MCIsIndpZHRoIjoiMzIwIiwiaGVpZ2h0IjoiMjk1Iiwic2l6ZSI6IjQxNzky
        IiwidHlwZSI6ImpwZyIsInN0YXR1c19pZCI6IjAiLCJpbl9yZXBseV90b19z
        dGF0dXNfaWQiOiIwIiwiaW5fcmVwbHlfdG9fdXNlcl9pZCI6IjAiLCJsb2Nh
        dGlvbiI6IiIsInRpbWVzdGFtcCI6IjIwMTItMTItMDIgMDY6MjI6NDIiLCJh
        cHBsaWNhdGlvbiI6bnVsbCwidXNlciI6bnVsbCwidmlkZW8iOm51bGwsIm51
        bWJlcl9vZl9jb21tZW50cyI6IjAiLCJmYWNlcyI6bnVsbCwiY29tbWVudHMi
        Om51bGwsImV2ZW50cyI6bnVsbCwidGFncyI6bnVsbH0seyJpZCI6IjY5NTU3
        NDQwOCIsInNob3J0X2lkIjoiYmk0a25jIiwidXNlcl9pZCI6IjIwOTU2MTUx
        Iiwic291cmNlIjoiYXBpIiwibWVzc2FnZSI6Ilx1OTZlOFx1NzQ2MFx1MzAw
        NVx1MzA1NVx1MzA5M1x1MzAxMEB5bWlrdWIwMCBcdTMwMTFcdTMwNjFcdTMw
        NmVcdTY2NDJcdTk2ZThcdTMwNGZcdTMwOTNcdTg0M2RcdTY2ZjhcdTMwNGRc
        dTMwYTJcdTMwY2FcdTMwZWRcdTMwYjBcdTMwYWZcdTMwYWFcdTMwZWFcdTMw
        YzZcdTMwYTNcdTMwNjdcdTMwNTlcdTMwNGNcdTYzY2ZcdTMwNGJcdTMwNWJc
        dTMwNjZcdTMwODJcdTMwODlcdTMwNDRcdTMwN2VcdTMwNTdcdTMwNWZcdWZm
        MDFcdTk5OTZcdThmMmFcdTMwZGVcdTMwYjhcdTMwODRcdTMwNzBcdTMwNDRc
        dTMwOGYiLCJ2aWV3cyI6IjEwIiwid2lkdGgiOiI3MTkiLCJoZWlnaHQiOiIx
        MjgwIiwic2l6ZSI6IjcxMjA2IiwidHlwZSI6ImpwZyIsInN0YXR1c19pZCI6
        IjAiLCJpbl9yZXBseV90b19zdGF0dXNfaWQiOiIwIiwiaW5fcmVwbHlfdG9f
        dXNlcl9pZCI6IjAiLCJsb2NhdGlvbiI6IiIsInRpbWVzdGFtcCI6IjIwMTIt
        MTItMDEgMTQ6NDU6MDMiLCJhcHBsaWNhdGlvbiI6bnVsbCwidXNlciI6bnVs
        bCwidmlkZW8iOm51bGwsIm51bWJlcl9vZl9jb21tZW50cyI6IjAiLCJmYWNl
        cyI6bnVsbCwiY29tbWVudHMiOm51bGwsImV2ZW50cyI6bnVsbCwidGFncyI6
        bnVsbH0seyJpZCI6IjY5NTU1OTUzNCIsInNob3J0X2lkIjoiYmk0OTY2Iiwi
        dXNlcl9pZCI6IjIwOTU2MTUxIiwic291cmNlIjoiYXBpIiwibWVzc2FnZSI6
        Ilx1MzBjZlx1MzBhNlx1MzBiY1x1MzBmM1x1MzBmYlx1MzBjZlx1MzBlZlx1
        MzBmY1x1MzBjOSAgXHU5ODU0XHUzMDRjXHU1Yjg5XHU1YjlhXHUzMDU3XHUz
        MDZhXHUzMDQ0KFx1ZmYxYlx1MDBiNF9cdTMwOWRgKSIsInZpZXdzIjoiNSIs
        IndpZHRoIjoiNzE5IiwiaGVpZ2h0IjoiMTI4MCIsInNpemUiOiI2MTUxOCIs
        InR5cGUiOiJqcGciLCJzdGF0dXNfaWQiOiIwIiwiaW5fcmVwbHlfdG9fc3Rh
        dHVzX2lkIjoiMCIsImluX3JlcGx5X3RvX3VzZXJfaWQiOiIwIiwibG9jYXRp
        b24iOiIiLCJ0aW1lc3RhbXAiOiIyMDEyLTEyLTAxIDE0OjE3OjM4IiwiYXBw
        bGljYXRpb24iOm51bGwsInVzZXIiOm51bGwsInZpZGVvIjpudWxsLCJudW1i
        ZXJfb2ZfY29tbWVudHMiOiIwIiwiZmFjZXMiOm51bGwsImNvbW1lbnRzIjpu
        dWxsLCJldmVudHMiOm51bGwsInRhZ3MiOm51bGx9LHsiaWQiOiI2OTU1NTYx
        NDUiLCJzaG9ydF9pZCI6ImJpNDZrMSIsInVzZXJfaWQiOiIyMDk1NjE1MSIs
        InNvdXJjZSI6ImFwaSIsIm1lc3NhZ2UiOiJcdTMwZWZcdTMwYzNcdTMwZDVc
        dTMwZWJcdTY1NTlcdTYzODggXHUzMDQ2XHUzMDYxXHUzMDZlXHUzMDUzXHUz
        MDYwXHUzMDg4XHUzMGZjIiwidmlld3MiOiIxMCIsIndpZHRoIjoiNzE5Iiwi
        aGVpZ2h0IjoiMTI4MCIsInNpemUiOiI2MzY4OSIsInR5cGUiOiJqcGciLCJz
        dGF0dXNfaWQiOiIwIiwiaW5fcmVwbHlfdG9fc3RhdHVzX2lkIjoiMCIsImlu
        X3JlcGx5X3RvX3VzZXJfaWQiOiIwIiwibG9jYXRpb24iOiIiLCJ0aW1lc3Rh
        bXAiOiIyMDEyLTEyLTAxIDE0OjExOjI0IiwiYXBwbGljYXRpb24iOm51bGws
        InVzZXIiOm51bGwsInZpZGVvIjpudWxsLCJudW1iZXJfb2ZfY29tbWVudHMi
        OiIwIiwiZmFjZXMiOm51bGwsImNvbW1lbnRzIjpudWxsLCJldmVudHMiOm51
        bGwsInRhZ3MiOm51bGx9LHsiaWQiOiI2OTU1NDIwNjkiLCJzaG9ydF9pZCI6
        ImJpM3ZwMSIsInVzZXJfaWQiOiIyMDk1NjE1MSIsInNvdXJjZSI6ImFwaSIs
        Im1lc3NhZ2UiOiJcdTMwNmZcdTMwNDFcdTMwOTNcdTdmNmFcdTY3MjhcdTMw
        NjFcdTMwODNcdTMwOTNcdTMwNGJcdTMwOGZcdTMwNDRcdTMwNDQiLCJ2aWV3
        cyI6IjUiLCJ3aWR0aCI6IjEyODAiLCJoZWlnaHQiOiI3MTkiLCJzaXplIjoi
        MTA1NjI1IiwidHlwZSI6ImpwZyIsInN0YXR1c19pZCI6IjAiLCJpbl9yZXBs
        eV90b19zdGF0dXNfaWQiOiIwIiwiaW5fcmVwbHlfdG9fdXNlcl9pZCI6IjAi
        LCJsb2NhdGlvbiI6IiIsInRpbWVzdGFtcCI6IjIwMTItMTItMDEgMTM6NDU6
        NTgiLCJhcHBsaWNhdGlvbiI6bnVsbCwidXNlciI6bnVsbCwidmlkZW8iOm51
        bGwsIm51bWJlcl9vZl9jb21tZW50cyI6IjAiLCJmYWNlcyI6bnVsbCwiY29t
        bWVudHMiOm51bGwsImV2ZW50cyI6bnVsbCwidGFncyI6bnVsbH0seyJpZCI6
        IjY5NTUzMjY3NyIsInNob3J0X2lkIjoiYmkzb2c1IiwidXNlcl9pZCI6IjIw
        OTU2MTUxIiwic291cmNlIjoiYXBpIiwibWVzc2FnZSI6Ilx1MzA1M1x1MzA2
        ZVx1N2Q3NVx1MzA5Mlx1NGY3Zlx1MzA0Nlx1MzA2OFx1MzA0ZFx1MzA0Y1x1
        MzA0ZFx1MzA1Zlx1MzA4OFx1MzA0Nlx1MzA2MFx1MzA2YVx1ZmYwMSIsInZp
        ZXdzIjoiMTUiLCJ3aWR0aCI6IjcxOSIsImhlaWdodCI6IjEyODAiLCJzaXpl
        IjoiNDkwMDgiLCJ0eXBlIjoianBnIiwic3RhdHVzX2lkIjoiMCIsImluX3Jl
        cGx5X3RvX3N0YXR1c19pZCI6IjAiLCJpbl9yZXBseV90b191c2VyX2lkIjoi
        MCIsImxvY2F0aW9uIjoiIiwidGltZXN0YW1wIjoiMjAxMi0xMi0wMSAxMzoy
        ODoyMSIsImFwcGxpY2F0aW9uIjpudWxsLCJ1c2VyIjpudWxsLCJ2aWRlbyI6
        bnVsbCwibnVtYmVyX29mX2NvbW1lbnRzIjoiMCIsImZhY2VzIjpudWxsLCJj
        b21tZW50cyI6bnVsbCwiZXZlbnRzIjpudWxsLCJ0YWdzIjpudWxsfSx7Imlk
        IjoiNjk1NDUwOTU5Iiwic2hvcnRfaWQiOiJiaTF4ZTciLCJ1c2VyX2lkIjoi
        MjA5NTYxNTEiLCJzb3VyY2UiOiJhcGkiLCJtZXNzYWdlIjoiXHU3ZjZhXHU2
        NzI4XHUzMDYxXHUzMDgzXHUzMGZjXHUzMDkzXHVmZjAxXHUzMDU5XHUzMDRk
        XHUzMDg4XHVmZjAxXHU4NDNkXHU2NmY4XHUzMDRkXHVmZjAxIiwidmlld3Mi
        OiIxMCIsIndpZHRoIjoiNjAwIiwiaGVpZ2h0IjoiODAwIiwic2l6ZSI6IjE0
        MzQ0NiIsInR5cGUiOiJqcGciLCJzdGF0dXNfaWQiOiIwIiwiaW5fcmVwbHlf
        dG9fc3RhdHVzX2lkIjoiMCIsImluX3JlcGx5X3RvX3VzZXJfaWQiOiIwIiwi
        bG9jYXRpb24iOiIiLCJ0aW1lc3RhbXAiOiIyMDEyLTEyLTAxIDEwOjQwOjAz
        IiwiYXBwbGljYXRpb24iOm51bGwsInVzZXIiOm51bGwsInZpZGVvIjpudWxs
        LCJudW1iZXJfb2ZfY29tbWVudHMiOiIwIiwiZmFjZXMiOm51bGwsImNvbW1l
        bnRzIjpudWxsLCJldmVudHMiOm51bGwsInRhZ3MiOm51bGx9LHsiaWQiOiI2
        OTUzNTg1MTIiLCJzaG9ydF9pZCI6ImJoenkyOCIsInVzZXJfaWQiOiIyMDk1
        NjE1MSIsInNvdXJjZSI6InNpdGUiLCJtZXNzYWdlIjoiXHUzMDc3XHUzMDhh
        XHUzMDkzXHUzMDc3XHUzMDhhXHUzMDkzXHUzMDEwQHB1cmluX3RwZ1x1MzAx
        MVx1MzA5Mlx1MzBjOFx1MzBlY1x1MzBmY1x1MzBjYVx1MzBmY1x1NTMxNlx1
        MzA1NVx1MzA1Ylx1MzA2Nlx1MzA4Mlx1MzA4OVx1MzA0NFx1MzA3ZVx1MzA1
        N1x1MzA1Zlx1ZmYwMVx1MzA1MVx1MzA5M1x1MzA0ZFx1MzA4NVx1MzA0Nlx1
        MzA0NFx1MzA5M1x1ZmYwMSIsInZpZXdzIjoiMTUiLCJ3aWR0aCI6IjYwMCIs
        ImhlaWdodCI6IjYwMCIsInNpemUiOiI0MjA4ODYiLCJ0eXBlIjoianBnIiwi
        c3RhdHVzX2lkIjoiMjc0NzY1NDkyNDgzNDE2MDY0IiwiaW5fcmVwbHlfdG9f
        c3RhdHVzX2lkIjoiMCIsImluX3JlcGx5X3RvX3VzZXJfaWQiOiIwIiwibG9j
        YXRpb24iOiIiLCJ0aW1lc3RhbXAiOiIyMDEyLTEyLTAxIDA2OjQyOjQ0Iiwi
        YXBwbGljYXRpb24iOm51bGwsInVzZXIiOm51bGwsInZpZGVvIjpudWxsLCJu
        dW1iZXJfb2ZfY29tbWVudHMiOiIwIiwiZmFjZXMiOm51bGwsImNvbW1lbnRz
        IjpudWxsLCJldmVudHMiOm51bGwsInRhZ3MiOm51bGx9LHsiaWQiOiI2OTUz
        MTE1MjUiLCJzaG9ydF9pZCI6ImJoeXh0MSIsInVzZXJfaWQiOiIyMDk1NjE1
        MSIsInNvdXJjZSI6ImFwaSIsIm1lc3NhZ2UiOiJcdTY1ZTVcdTcyZGJcdTMw
        ZGJcdTMwZTIiLCJ2aWV3cyI6IjE1Iiwid2lkdGgiOiIxMjgwIiwiaGVpZ2h0
        IjoiNzE5Iiwic2l6ZSI6Ijk0MjE1IiwidHlwZSI6ImpwZyIsInN0YXR1c19p
        ZCI6IjAiLCJpbl9yZXBseV90b19zdGF0dXNfaWQiOiIwIiwiaW5fcmVwbHlf
        dG9fdXNlcl9pZCI6IjAiLCJsb2NhdGlvbiI6IiIsInRpbWVzdGFtcCI6IjIw
        MTItMTItMDEgMDQ6NDE6MzUiLCJhcHBsaWNhdGlvbiI6bnVsbCwidXNlciI6
        bnVsbCwidmlkZW8iOm51bGwsIm51bWJlcl9vZl9jb21tZW50cyI6IjAiLCJm
        YWNlcyI6bnVsbCwiY29tbWVudHMiOm51bGwsImV2ZW50cyI6bnVsbCwidGFn
        cyI6bnVsbH0seyJpZCI6IjY5NDQ0MjM3OCIsInNob3J0X2lkIjoiYmhnYjYy
        IiwidXNlcl9pZCI6IjIwOTU2MTUxIiwic291cmNlIjoic2l0ZSIsIm1lc3Nh
        Z2UiOiJcdTMwYThcdTMwZDRcdTMwYmRcdTMwZmNcdTMwYzlOXHU2OTdkXHUz
        MDU3XHUzMDdmXHUzMDZiXHUzMDU3XHUzMDY2XHUzMDdlXHUzMDU5XHUzMDZk
        TiIsInZpZXdzIjoiMTUiLCJ3aWR0aCI6IjYwMCIsImhlaWdodCI6IjYwMCIs
        InNpemUiOiIzMjcyMDUiLCJ0eXBlIjoianBnIiwic3RhdHVzX2lkIjoiMjc0
        MTEyMDYzMzI3MDQ3NjgwIiwiaW5fcmVwbHlfdG9fc3RhdHVzX2lkIjoiMCIs
        ImluX3JlcGx5X3RvX3VzZXJfaWQiOiIwIiwibG9jYXRpb24iOiIiLCJ0aW1l
        c3RhbXAiOiIyMDEyLTExLTI5IDExOjI2OjE1IiwiYXBwbGljYXRpb24iOm51
        bGwsInVzZXIiOm51bGwsInZpZGVvIjpudWxsLCJudW1iZXJfb2ZfY29tbWVu
        dHMiOiIwIiwiZmFjZXMiOm51bGwsImNvbW1lbnRzIjpudWxsLCJldmVudHMi
        Om51bGwsInRhZ3MiOm51bGx9LHsiaWQiOiI2OTM5MjU0MDYiLCJzaG9ydF9p
        ZCI6ImJoNTg5cSIsInVzZXJfaWQiOiIyMDk1NjE1MSIsInNvdXJjZSI6ImFw
        aSIsIm1lc3NhZ2UiOiJcdTY4MTdcdTk4MDhcdTUxNDhcdThmMjkiLCJ2aWV3
        cyI6IjUiLCJ3aWR0aCI6IjcxOSIsImhlaWdodCI6IjEyODAiLCJzaXplIjoi
        NjM2OTQiLCJ0eXBlIjoianBnIiwic3RhdHVzX2lkIjoiMCIsImluX3JlcGx5
        X3RvX3N0YXR1c19pZCI6IjAiLCJpbl9yZXBseV90b191c2VyX2lkIjoiMCIs
        ImxvY2F0aW9uIjoiIiwidGltZXN0YW1wIjoiMjAxMi0xMS0yOCAwOToxNjo0
        NSIsImFwcGxpY2F0aW9uIjpudWxsLCJ1c2VyIjpudWxsLCJ2aWRlbyI6bnVs
        bCwibnVtYmVyX29mX2NvbW1lbnRzIjoiMCIsImZhY2VzIjpudWxsLCJjb21t
        ZW50cyI6bnVsbCwiZXZlbnRzIjpudWxsLCJ0YWdzIjpudWxsfSx7ImlkIjoi
        NjkzOTI0OTMxIiwic2hvcnRfaWQiOiJiaDU3d2oiLCJ1c2VyX2lkIjoiMjA5
        NTYxNTEiLCJzb3VyY2UiOiJhcGkiLCJtZXNzYWdlIjoiQG1oX3RlcnUya3og
        XHU1MTY4XHU3MTM2XHUzMDZiXHUzMDY2XHUzMDZhXHUzMDQ0XHUzMDg4Xlx1
        MjIxZV4iLCJ2aWV3cyI6IjUiLCJ3aWR0aCI6IjcxOSIsImhlaWdodCI6IjEy
        ODAiLCJzaXplIjoiNjg0NDEiLCJ0eXBlIjoianBnIiwic3RhdHVzX2lkIjoi
        MCIsImluX3JlcGx5X3RvX3N0YXR1c19pZCI6IjAiLCJpbl9yZXBseV90b191
        c2VyX2lkIjoiMCIsImxvY2F0aW9uIjoiIiwidGltZXN0YW1wIjoiMjAxMi0x
        MS0yOCAwOToxNToxMSIsImFwcGxpY2F0aW9uIjpudWxsLCJ1c2VyIjpudWxs
        LCJ2aWRlbyI6bnVsbCwibnVtYmVyX29mX2NvbW1lbnRzIjoiMCIsImZhY2Vz
        IjpudWxsLCJjb21tZW50cyI6bnVsbCwiZXZlbnRzIjpudWxsLCJ0YWdzIjpu
        dWxsfSx7ImlkIjoiNjkzOTIzNzAyIiwic2hvcnRfaWQiOiJiaDU2eWUiLCJ1
        c2VyX2lkIjoiMjA5NTYxNTEiLCJzb3VyY2UiOiJhcGkiLCJtZXNzYWdlIjoi
        XHU1OWM5XHUzMDRjXHU4Y2I3XHUzMDYzXHUzMDY2XHUzMDRkXHUzMDY2XHUz
        MDRmXHUzMDhjXHUzMDVmXHUzMDg4XHUzMDRhXHVmZjAxIiwidmlld3MiOiI1
        Iiwid2lkdGgiOiI3MTkiLCJoZWlnaHQiOiIxMjgwIiwic2l6ZSI6IjEwNDY3
        NiIsInR5cGUiOiJqcGciLCJzdGF0dXNfaWQiOiIwIiwiaW5fcmVwbHlfdG9f
        c3RhdHVzX2lkIjoiMCIsImluX3JlcGx5X3RvX3VzZXJfaWQiOiIwIiwibG9j
        YXRpb24iOiIiLCJ0aW1lc3RhbXAiOiIyMDEyLTExLTI4IDA5OjExOjE2Iiwi
        YXBwbGljYXRpb24iOm51bGwsInVzZXIiOm51bGwsInZpZGVvIjpudWxsLCJu
        dW1iZXJfb2ZfY29tbWVudHMiOiIwIiwiZmFjZXMiOm51bGwsImNvbW1lbnRz
        IjpudWxsLCJldmVudHMiOm51bGwsInRhZ3MiOm51bGx9LHsiaWQiOiI2OTM4
        MzMwNzIiLCJzaG9ydF9pZCI6ImJoMzkwdyIsInVzZXJfaWQiOiIyMDk1NjE1
        MSIsInNvdXJjZSI6ImFwaSIsIm1lc3NhZ2UiOiJcdTgyZjFcdThhOWVcdTMw
        OTNcdTMwNjhcdTMwNGRcdTMwNmVcdTg0M2RcdTY2ZjhcdTMwNGRcdTMwODBc
        dTMwNjNcdTMwNGZcdTMwOTMiLCJ2aWV3cyI6IjUiLCJ3aWR0aCI6IjcxOSIs
        ImhlaWdodCI6IjEyODAiLCJzaXplIjoiOTI0MzIiLCJ0eXBlIjoianBnIiwi
        c3RhdHVzX2lkIjoiMCIsImluX3JlcGx5X3RvX3N0YXR1c19pZCI6IjAiLCJp
        bl9yZXBseV90b191c2VyX2lkIjoiMCIsImxvY2F0aW9uIjoiIiwidGltZXN0
        YW1wIjoiMjAxMi0xMS0yOCAwMzo0MzozNSIsImFwcGxpY2F0aW9uIjpudWxs
        LCJ1c2VyIjpudWxsLCJ2aWRlbyI6bnVsbCwibnVtYmVyX29mX2NvbW1lbnRz
        IjoiMCIsImZhY2VzIjpudWxsLCJjb21tZW50cyI6bnVsbCwiZXZlbnRzIjpu
        dWxsLCJ0YWdzIjpudWxsfSx7ImlkIjoiNjkzODMyNjM1Iiwic2hvcnRfaWQi
        OiJiaDM4b3IiLCJ1c2VyX2lkIjoiMjA5NTYxNTEiLCJzb3VyY2UiOiJhcGki
        LCJtZXNzYWdlIjoiXHU4MmYxXHU4YTllXHUzMDkzXHUzMDY4XHUzMDRkXHUz
        MDZlXHU4NDNkXHU2NmY4XHUzMDRkXHU3NzFmXHUzMDYxXHUzMDgzXHUzMDkz
        Iiwidmlld3MiOiIxMCIsIndpZHRoIjoiNzE5IiwiaGVpZ2h0IjoiMTI4MCIs
        InNpemUiOiI4NjQyNyIsInR5cGUiOiJqcGciLCJzdGF0dXNfaWQiOiIwIiwi
        aW5fcmVwbHlfdG9fc3RhdHVzX2lkIjoiMCIsImluX3JlcGx5X3RvX3VzZXJf
        aWQiOiIwIiwibG9jYXRpb24iOiIiLCJ0aW1lc3RhbXAiOiIyMDEyLTExLTI4
        IDAzOjQyOjA5IiwiYXBwbGljYXRpb24iOm51bGwsInVzZXIiOm51bGwsInZp
        ZGVvIjpudWxsLCJudW1iZXJfb2ZfY29tbWVudHMiOiIwIiwiZmFjZXMiOm51
        bGwsImNvbW1lbnRzIjpudWxsLCJldmVudHMiOm51bGwsInRhZ3MiOm51bGx9
        LHsiaWQiOiI2OTM1Mzg1MjQiLCJzaG9ydF9pZCI6ImJnd3hyMCIsInVzZXJf
        aWQiOiIyMDk1NjE1MSIsInNvdXJjZSI6InNpdGUiLCJtZXNzYWdlIjoiXHU4
        YWEwXHU1MWRiXHU5ZWM0XHU3MDJjXHVmZjAxIiwidmlld3MiOiIxMCIsIndp
        ZHRoIjoiNjAwIiwiaGVpZ2h0IjoiNjAwIiwic2l6ZSI6IjMzMTg1MyIsInR5
        cGUiOiJqcGciLCJzdGF0dXNfaWQiOiIyNzM0MDM3NzQzMzExNDIxNDUiLCJp
        bl9yZXBseV90b19zdGF0dXNfaWQiOiIwIiwiaW5fcmVwbHlfdG9fdXNlcl9p
        ZCI6IjAiLCJsb2NhdGlvbiI6IiIsInRpbWVzdGFtcCI6IjIwMTItMTEtMjcg
        MTI6MzE6NDYiLCJhcHBsaWNhdGlvbiI6bnVsbCwidXNlciI6bnVsbCwidmlk
        ZW8iOm51bGwsIm51bWJlcl9vZl9jb21tZW50cyI6IjAiLCJmYWNlcyI6bnVs
        bCwiY29tbWVudHMiOm51bGwsImV2ZW50cyI6bnVsbCwidGFncyI6bnVsbH0s
        eyJpZCI6IjY5MzQ5ODA3OCIsInNob3J0X2lkIjoiYmd3MmppIiwidXNlcl9p
        ZCI6IjIwOTU2MTUxIiwic291cmNlIjoic2l0ZSIsIm1lc3NhZ2UiOiJcdTMw
        NTNcdTMwOTNcdTMwNmFcdTYxMWZcdTMwNThcdTMwNmVcdTdkNzVcdTY3YzRc
        dTMwNmJcdTMwNmFcdTMwOGFcdTMwNWZcdTMwNDRcdTMwNjhcdTYwMWRcdTMw
        NjNcdTMwNjZcdTYzY2ZcdTMwNDRcdTMwNWZcdTcyZGJcdTY3OWRcdTAwYjRc
        dTAzYzlgIiwidmlld3MiOiIxMCIsIndpZHRoIjoiNjAyIiwiaGVpZ2h0Ijoi
        NjAwIiwic2l6ZSI6IjQzNzk2NCIsInR5cGUiOiJqcGciLCJzdGF0dXNfaWQi
        OiIyNzMzNzc4MjIxMzgwNDQ0MTYiLCJpbl9yZXBseV90b19zdGF0dXNfaWQi
        OiIwIiwiaW5fcmVwbHlfdG9fdXNlcl9pZCI6IjAiLCJsb2NhdGlvbiI6IiIs
        InRpbWVzdGFtcCI6IjIwMTItMTEtMjcgMTA6NDg6MzgiLCJhcHBsaWNhdGlv
        biI6bnVsbCwidXNlciI6bnVsbCwidmlkZW8iOm51bGwsIm51bWJlcl9vZl9j
        b21tZW50cyI6IjAiLCJmYWNlcyI6bnVsbCwiY29tbWVudHMiOm51bGwsImV2
        ZW50cyI6bnVsbCwidGFncyI6bnVsbH0seyJpZCI6IjY5MjYyMDg1NiIsInNo
        b3J0X2lkIjoiYmdkOW84IiwidXNlcl9pZCI6IjIwOTU2MTUxIiwic291cmNl
        IjoiYXBpIiwibWVzc2FnZSI6Ilx1MzA0NFx1MzA4NFx1MzA2Ylx1MzA2YVx1
        MzA2M1x1MzA2Nlx1MzA0ZFx1MzA1Zlx1MzA3ZFx1MzA4OCIsInZpZXdzIjoi
        MTAiLCJ3aWR0aCI6IjEyODAiLCJoZWlnaHQiOiI3MTkiLCJzaXplIjoiMTA4
        NzkwIiwidHlwZSI6ImpwZyIsInN0YXR1c19pZCI6IjAiLCJpbl9yZXBseV90
        b19zdGF0dXNfaWQiOiIwIiwiaW5fcmVwbHlfdG9fdXNlcl9pZCI6IjAiLCJs
        b2NhdGlvbiI6IiIsInRpbWVzdGFtcCI6IjIwMTItMTEtMjUgMTM6MzU6NDUi
        LCJhcHBsaWNhdGlvbiI6bnVsbCwidXNlciI6bnVsbCwidmlkZW8iOm51bGws
        Im51bWJlcl9vZl9jb21tZW50cyI6IjAiLCJmYWNlcyI6bnVsbCwiY29tbWVu
        dHMiOm51bGwsImV2ZW50cyI6bnVsbCwidGFncyI6bnVsbH0seyJpZCI6IjY5
        MjUwMTY0MCIsInNob3J0X2lkIjoiYmdhcG9vIiwidXNlcl9pZCI6IjIwOTU2
        MTUxIiwic291cmNlIjoic2l0ZSIsIm1lc3NhZ2UiOiJcdTMwYjhcdTMwZTNc
        dTMwZmNcdTMwZDVcdTMwYTFcdTMwZWJcdTMwNTVcdTMwOTNcdTYzY2ZcdTMw
        NDRcdTMwNWZcdTMwODhcdTMwNDlcdTI2NjUiLCJ2aWV3cyI6IjIwIiwid2lk
        dGgiOiI2MzYiLCJoZWlnaHQiOiI2MDAiLCJzaXplIjoiMjU5OTIxIiwidHlw
        ZSI6ImpwZyIsInN0YXR1c19pZCI6IjI3MjYyOTcxNTQzNTY2NzQ1NiIsImlu
        X3JlcGx5X3RvX3N0YXR1c19pZCI6IjAiLCJpbl9yZXBseV90b191c2VyX2lk
        IjoiMCIsImxvY2F0aW9uIjoiIiwidGltZXN0YW1wIjoiMjAxMi0xMS0yNSAw
        OToxNTo1NSIsImFwcGxpY2F0aW9uIjpudWxsLCJ1c2VyIjpudWxsLCJ2aWRl
        byI6bnVsbCwibnVtYmVyX29mX2NvbW1lbnRzIjoiMCIsImZhY2VzIjpudWxs
        LCJjb21tZW50cyI6bnVsbCwiZXZlbnRzIjpudWxsLCJ0YWdzIjpudWxsfV19
        KTsKVHdpdHBpYy5UZW1wbGF0ZS5zdG9yZSh7Im5hbWUiOiJmYWNldGFnX2Vk
        aXRvciIsImNvbnRlbnQiOiI8ZGl2IGlkPVwiZmFjZXRhZy1lZGl0b3JcIj5c
        biAgPGRpdiBjbGFzcz1cImxlZnRcIj5cbiAgICA8ZGl2IGlkPVwiZmFjZXRh
        Zy1sZWZ0LWFycm93XCI+PFwvZGl2PlxuICA8XC9kaXY+XG4gIDxkaXYgY2xh
        c3M9XCJyaWdodFwiPlxuICAgIDxwPjxzbWFsbD5OYW1lPFwvc21hbGw+PFwv
        cD5cbiAgICA8aW5wdXQgdHlwZT1cInRleHRcIiBuYW1lPVwibmFtZVwiIFwv
        PlxuXG4gICAgPHA+PHNtYWxsPlR3aXR0ZXIgVXNlcm5hbWU8XC9zbWFsbD48
        XC9wPlxuICAgIDxpbnB1dCB0eXBlPVwidGV4dFwiIG5hbWU9XCJ1c2VybmFt
        ZVwiIHZhbHVlPVwiQFwiIFwvPlxuXG4gICAgPHA+PGlucHV0IHR5cGU9XCJj
        aGVja2JveFwiIG5hbWU9XCJyZXBseVwiIHZhbHVlPVwiMVwiIGNoZWNrZWQ9
        XCJ0cnVlXCIgXC8+IFBvc3QgdG8gVHdpdHRlcjxcL3A+XG5cbiAgICA8ZGl2
        IGlkPVwiZmFjZXRhZy1zYXZlXCI+XG4gICAgICA8aW5wdXQgdHlwZT1cImJ1
        dHRvblwiIGNsYXNzPVwicmVkLWJ1dHRvblwiIHZhbHVlPVwiRGVsZXRlXCIg
        bmFtZT1cImRlbGV0ZVwiIFwvPlxuICAgICAgPGlucHV0IHR5cGU9XCJidXR0
        b25cIiBjbGFzcz1cImdyZXktYnV0dG9uXCIgdmFsdWU9XCJDYW5jZWxcIiBu
        YW1lPVwiY2FuY2VsXCIgXC8+XG4gICAgICA8aW5wdXQgdHlwZT1cImJ1dHRv
        blwiIGNsYXNzPVwiZ3JleS1idXR0b25cIiB2YWx1ZT1cIlNhdmVcIiBuYW1l
        PVwic2F2ZVwiIFwvPlxuICAgIDxcL2Rpdj5cbiAgPFwvZGl2PlxuPFwvZGl2
        PiJ9KTsKVHdpdHBpYy5UZW1wbGF0ZS5zdG9yZSh7Im5hbWUiOiJzZWFyY2hf
        cGhvdG8iLCJjb250ZW50IjoiPGRpdiBjbGFzcz1cInVzZXItcGhvdG8td3Jh
        cFwiPlxuICA8ZGl2IGNsYXNzPVwidXNlci1waG90byBsZWZ0XCI+XG4gICAg
        PGEgaHJlZj1cIjwlPWxpbmslPlwiPlxuICAgICAgPGltZyBzcmM9XCI8JT10
        aHVtYiU+XCIgXC8+XG4gICAgPFwvYT5cbiAgPFwvZGl2PlxuPFwvZGl2PiJ9
        KTsKVHdpdHBpYy5UZW1wbGF0ZS5zdG9yZSh7Im5hbWUiOiJyb3RhdGUiLCJj
        b250ZW50IjoiPGRpdiBpZD1cInJvdGF0ZVwiPlxuXHQ8ZGl2IGlkPVwicm90
        YXRlLWJhY2tncm91bmRcIj48XC9kaXY+XG5cdDxkaXYgaWQ9XCJyb3RhdGUt
        d3JhcFwiPlxuXHRcdDxkaXYgaWQ9XCJyb3RhdGUtY29udHJvbHNcIiBjbGFz
        cz1cImNsZWFyXCI+XG5cdFx0XHQ8ZGl2IGNsYXNzPVwicm90YXRlIGxlZnRc
        IiBkYXRhLWRpcj1cImNjXCI+XG5cdFx0XHRcdDxpbWcgc3JjPVwiXC9pbWFn
        ZXNcL2h1ZC1pbWctYXJyb3ctY2MucG5nXCIgXC8+XG5cdFx0XHRcdFJvdGF0
        ZSBMZWZ0XG5cdFx0XHQ8XC9kaXY+XG5cdFx0XHRcdFx0XHQ8ZGl2IGNsYXNz
        PVwicm90YXRlIHJpZ2h0XCIgZGF0YS1kaXI9XCJjXCI+XG5cdFx0XHRcdFJv
        dGF0ZSBSaWdodFxuXHRcdFx0XHQ8aW1nIHNyYz1cIlwvaW1hZ2VzXC9odWQt
        aW1nLWFycm93LnBuZ1wiIFwvPlxuXHRcdFx0PFwvZGl2PlxuXHRcdDxcL2Rp
        dj5cblx0XHQ8ZGl2IGlkPVwicm90YXRlLWltYWdlXCI+XG5cdFx0XHQ8aW1n
        IHNyYz1cIlwvc2hvd1wvbGFyZ2VcLzwlPXNob3J0X2lkJT5cIiBcLz5cblx0
        XHQ8XC9kaXY+XG5cdDxcL2Rpdj5cbjxcL2Rpdj5cbiJ9KTsKVHdpdHBpYy5U
        ZW1wbGF0ZS5zdG9yZSh7Im5hbWUiOiJyZWFsdGltZV9pbWFnZSIsImNvbnRl
        bnQiOiI8ZGl2IGNsYXNzPVwiaW1hZ2Utd3JhcFwiIGRhdGEtaWQ9XCI8JT0g
        aWQgJT5cIj5cbiAgPGRpdiBjbGFzcz1cImltYWdlXCI+XG4gICAgPGltZyBz
        cmM9XCJodHRwOlwvXC90d2l0cGljLmNvbVwvc2hvd1wvbGFyZ2VcLzwlPSBz
        aG9ydF9pZCAlPlwiIFwvPlxuICA8XC9kaXY+XG5cbiAgPGRpdiBjbGFzcz1c
        ImltYWdlLWluZm9cIj5cbiAgICA8aDE+PCU9IHVzZXIubmFtZSAlPiA8c21h
        bGw+QDwlPSB1c2VyLnVzZXJuYW1lICU+PFwvc21hbGw+PFwvaDE+XG4gICAg
        PHA+PCU9IG1lc3NhZ2UgJT48XC9wPlxuICA8XC9kaXY+XG48XC9kaXY+In0p
        OwpUd2l0cGljLlRlbXBsYXRlLnN0b3JlKHsibmFtZSI6ImxvY2F0aW9uX3Jl
        c3VsdCIsImNvbnRlbnQiOiI8ZGl2IGNsYXNzPVwibG9jYXRpb24tcmVzdWx0
        XCIgZGF0YS1pZD1cIjwlPWlkJT5cIj5cbiAgPGg0PjwlPW5hbWUlPjxcL2g0
        PlxuICA8cD48JT0gdHlwZW9mIHN0cmVldF9hZGRyZXNzICE9PSBcInVuZGVm
        aW5lZFwiID8gc3RyZWV0X2FkZHJlc3MgOiBmdWxsX25hbWUgJT48XC9wPlxu
        PFwvZGl2PiJ9KTsKVHdpdHBpYy5UZW1wbGF0ZS5zdG9yZSh7Im5hbWUiOiJj
        b21tZW50IiwiY29udGVudCI6IjxkaXYgY2xhc3M9XCJjb21tZW50IGNsZWFy
        XCIgZGF0YS1pZD1cIjwlPWlkJT5cIj5cblx0PGRpdiBjbGFzcz1cImF2YXRh
        ciBsZWZ0XCI+XG5cdFx0PGltZyBzcmM9XCI8JT11c2VyLmF2YXRhcl91cmwu
        cmVwbGFjZSgnbm9ybWFsJywgJ3JlYXNvbmFibHlfc21hbGwnKSU+XCIgXC8+
        XG5cdDxcL2Rpdj5cblx0PGRpdiBjbGFzcz1cImNvbW1lbnQtY29udGVudCBy
        aWdodFwiPlxuXHRcdDxkaXYgY2xhc3M9XCJjb21tZW50LWhlYWRlclwiPlxu
        XHRcdFx0PGg0IGNsYXNzPVwicmVzZXQtaGVpZ2h0XCI+XG5cdFx0XHRcdDxh
        IGhyZWY9XCJcL3Bob3Rvc1wvPCU9dXNlci51c2VybmFtZSU+XCI+PCU9dXNl
        ci51c2VybmFtZSU+PFwvYT4gXG5cdFx0XHRcdDxzbWFsbD5cblx0XHRcdFx0
        XHQ8JT0kLnRpbWVhZ28obmV3IERhdGUodGltZXN0YW1wLnJlcGxhY2UoJy0n
        LCAnXC8nKSkpJT5cblx0XHRcdFx0XHQ8c3BhbiBjbGFzcz1cImNvbW1lbnQt
        ZGVsZXRlXCI+PGltZyBzcmM9XCJcL2ltYWdlc1wvZGVsZXRlLnBuZ1wiIFwv
        PiBkZWxldGU8XC9zcGFuPlxuXHRcdFx0XHQ8XC9zbWFsbD5cblx0XHRcdDxc
        L2g0PlxuXHRcdDxcL2Rpdj5cblx0XHQ8ZGl2IGNsYXNzPVwiY29tbWVudC1i
        b2R5XCI+XG5cdFx0XHQ8cD48JT1tZXNzYWdlX2h0bWwlPjxcL3A+XG5cdFx0
        PFwvZGl2PlxuXHQ8XC9kaXY+XG48XC9kaXY+In0pOwpUd2l0cGljLlRlbXBs
        YXRlLnN0b3JlKHsibmFtZSI6ImV2ZW50X3RhZyIsImNvbnRlbnQiOiI8ZGl2
        IGNsYXNzPVwiZXZlbnRcIj5cbiAgPGg1IGNsYXNzPVwicmVzZXQtaGVpZ2h0
        XCI+XG4gIFx0PGEgaHJlZj1cIlwvZVwvPCU9aWQudG9TdHJpbmcoMzYpJT5c
        Ij48JT1uYW1lJT48XC9hPlxuICBcdDxzbWFsbD48JT0gaGFzaF90cmlnZ2Vy
        ID8gXCIjXCIgKyBoYXNoX3RyaWdnZXIgOiBcIlwiICU+PFwvc21hbGw+XG4g
        IDxcL2g1PlxuPFwvZGl2PiJ9KTsKVHdpdHBpYy5UZW1wbGF0ZS5zdG9yZSh7
        Im5hbWUiOiJmYWNldGFnIiwiY29udGVudCI6IjxkaXYgXG4gIGNsYXNzPVwi
        ZmFjZXRhZ1wiIFxuICBkYXRhLWlkPVwiPCU9aWQlPlwiIFxuICBkYXRhLW5h
        bWU9XCI8JT10eXBlb2YgbmFtZSAhPT0gJ3VuZGVmaW5lZCcgPyBuYW1lIDog
        JyclPlwiXG4gIGRhdGEtdXNlcm5hbWU9XCI8JT10eXBlb2YgdXNlcm5hbWUg
        IT09ICd1bmRlZmluZWQnID8gdXNlcm5hbWUgOiAnJyU+XCJcbiAgc3R5bGU9
        XCJ0b3A6PCU9dG9wJT5weDtsZWZ0OjwlPWxlZnQlPnB4O1wiPlxuXG4gIDxk
        aXYgY2xhc3M9XCJmYWNldGFnLWlubmVyXCI+XG4gICAgPCUgaWYgKCFpc05l
        dyAmJiBjYW5FZGl0KSB7ICU+XG4gICAgPHAgY2xhc3M9XCJmYWNldGFnLWVk
        aXRcIj48c3Ryb25nPkVkaXQ/PFwvc3Ryb25nPjxcL3A+XG4gICAgPCUgfSAl
        PlxuICA8XC9kaXY+XG4gIDwlIGlmICh0eXBlb2YgbmFtZSAhPT0gXCJ1bmRl
        ZmluZWRcIikgeyAlPlxuICA8ZGl2IGNsYXNzPVwiZmFjZXRhZy1uYW1lXCI+
        XG4gICAgPCU9bmFtZSU+XG4gICAgPCU9IHR5cGVvZiB1c2VybmFtZSAhPT0g
        XCJ1bmRlZmluZWRcIiAmJiB1c2VybmFtZSAhPT0gbnVsbCAmJiB1c2VybmFt
        ZS5sZW5ndGggPiAwID8gXCIoQFwiICsgdXNlcm5hbWUgKyBcIilcIiA6IFwi
        XCIgJT5cbiAgPFwvZGl2PlxuICA8JSB9ICU+XG48XC9kaXY+In0pOwpUd2l0
        cGljLk1vZGFsLnN0b3JlKHsibmFtZSI6InVwbG9hZCIsImNvbnRlbnQiOiJc
        bjxmb3JtIGlkPVwidXBsb2FkLW1vZGFsXCIgYWN0aW9uPVwiXC91cGxvYWRc
        L3Byb2Nlc3NcIiBtZXRob2Q9XCJwb3N0XCIgZW5jdHlwZT1cIm11bHRpcGFy
        dFwvZm9ybS1kYXRhXCI+XG5cdDxpbnB1dCB0eXBlPVwiaGlkZGVuXCIgbmFt
        ZT1cImZvcm1fYXV0aFwiIHZhbHVlPVwiZmNiZjdmYjQ0ZDkyZDFjMWNlZDI1
        OWNlYTk1ZmZhNzgyNDUzMTRiYlwiIFwvPlxuXHQ8ZGl2IGlkPVwic2VsZWN0
        LW1lZGlhXCI+XG5cdFx0PGg0PlNlbGVjdCBwaG90byBvciB2aWRlbzxcL2g0
        PlxuXHRcblx0XHQ8ZGl2IGlkPVwibWVkaWEtdXBsb2FkLXdyYXBcIj5cblx0
        XHRcdDxkaXYgaWQ9XCJtZWRpYS11cGxvYWRcIj48XC9kaXY+XG5cdFx0PFwv
        ZGl2PlxuXHRcdFxuXHRcdDxwIGlkPVwidXBsb2FkLW1ldGFcIj48c21hbGw+
        PGI+XG5cdFx0XHRSZWFkeSB0byB1cGxvYWQgPHNwYW4gaWQ9XCJtZWRpYS11
        cGxvYWQtbmFtZVwiPjxcL3NwYW4+ICg8c3BhbiBpZD1cIm1lZGlhLXVwbG9h
        ZC1zaXplXCI+PFwvc3Bhbj4pIGFzIDxzcGFuIGlkPVwibWVkaWEtdXBsb2Fk
        LXR5cGVcIj5cblx0XHQ8XC9zcGFuPjxcL2I+PFwvc21hbGw+PFwvcD5cblx0
        XHRcblx0XHQ8cD48c21hbGw+V2UgdGFrZSBHSUYsIEpQRywgJiBQTkcgaW1h
        Z2VzIHVwIHRvIDEwTUIgaW4gc2l6ZSwgYW5kIHZpZGVvcyB1cCB0byAzOjAw
        IGluIGxlbmd0aCBpbiBtb3N0IGZvcm1hdHMuPFwvc21hbGw+PFwvcD5cblx0
        XHQ8cD48c21hbGw+SGF2aW5nIHByb2JsZW1zIHVwbG9hZGluZz8gVHJ5IHRo
        ZSA8YSBocmVmPVwiXC91cGxvYWRcIj5zaW1wbGUgdXBsb2FkZXI8XC9hPiBp
        bnN0ZWFkLjxcL3NtYWxsPjxcL3A+XG5cdDxcL2Rpdj5cblx0XG5cdDxkaXYg
        aWQ9XCJ1cGxvYWQtY2FwdGlvblwiIGNsYXNzPVwidXBsb2FkLXNlY3Rpb25c
        Ij5cblx0XHQ8ZGl2IGNsYXNzPVwiY2xlYXJcIj5cblx0XHRcdDxoNCBjbGFz
        cz1cImxlZnRcIj5DYXB0aW9uPFwvaDQ+XG5cdFx0XHQ8cCBjbGFzcz1cInJp
        Z2h0XCI+PHNwYW4gaWQ9XCJ1cGxvYWQtY2hhcnMtbGVmdFwiPjExNDxcL3Nw
        YW4+IDxzbWFsbD4odHdpdHRlciBsaW1pdCBvbmx5KTxcL3NtYWxsPjxcL3A+
        XG5cdFx0PFwvZGl2PlxuXHRcdFxuXHRcdDx0ZXh0YXJlYSBuYW1lPVwibWVz
        c2FnZVwiPjxcL3RleHRhcmVhPlxuXHQ8XC9kaXY+XG5cdFxuXHQ8ZGl2IGlk
        PVwidXBsb2FkLW9wdGlvbnNcIiBjbGFzcz1cInVwbG9hZC1zZWN0aW9uXCI+
        XG5cdFx0PGg0PlBvc3QgT3B0aW9uczxcL2g0PlxuXHRcdDxkaXY+XG5cdFx0
        XHQ8bGFiZWwgZm9yPVwic2F2ZV9sb2NhdGlvblwiPlxuXHRcdFx0XHQ8aW5w
        dXQgdHlwZT1cImNoZWNrYm94XCIgbmFtZT1cInNhdmVfbG9jYXRpb25cIiBp
        ZD1cInNhdmVfbG9jYXRpb25cIiBjaGVja2VkPVwiY2hlY2tlZFwiIHZhbHVl
        PVwiMVwiIFwvPiBTZXQgTG9jYXRpb24gKGlmIGF2YWlsYWJsZSlcblx0XHRc
        dDxcL2xhYmVsPlxuXHRcdDxcL2Rpdj5cblxuXHRcdDxoND5TaGFyZSB0bzxc
        L2g0PlxuXHRcdFxuXHRcdDxkaXYgaWQ9XCJzaGFyZS1vcHRpb25zXCI+XG5c
        dFx0XHQ8bGFiZWwgZm9yPVwicG9zdF9waG90b1wiPjxpbnB1dCB0eXBlPVwi
        Y2hlY2tib3hcIiBuYW1lPVwicG9zdF9waG90b1wiIGlkPVwicG9zdF9waG90
        b1wiIGNoZWNrZWQ9XCJjaGVja2VkXCIgdmFsdWU9XCIxXCIgXC8+IFR3aXR0
        ZXI8XC9sYWJlbD5cblxuXHRcdFx0XHRcdDxcL2Rpdj5cblx0XHRcblx0PFwv
        ZGl2PlxuXHRcblx0PGRpdiBpZD1cInVwbG9hZC1zdWJtaXRcIiBjbGFzcz1c
        ImNsZWFyXCI+XG5cdFx0PGRpdiBjbGFzcz1cImxlZnRcIj5cblx0XHRcdDxk
        aXYgaWQ9XCJ1cGxvYWQtcHJvZ3Jlc3Mtd3JhcFwiPlxuXHRcdFx0XHQ8ZGl2
        IGlkPVwidXBsb2FkLXByb2dyZXNzXCI+PFwvZGl2PlxuXHRcdFx0PFwvZGl2
        PlxuXHRcdFx0PHAgaWQ9XCJ1cGxvYWQtcHJvZ3Jlc3MtYW1vdW50XCIgY2xh
        c3M9XCJsZWZ0XCI+PFwvcD5cblx0XHQ8XC9kaXY+XG5cdFx0PGRpdiBjbGFz
        cz1cInJpZ2h0XCI+XG5cdFx0XHQ8aW5wdXQgdHlwZT1cInN1Ym1pdFwiIHZh
        bHVlPVwiVXBsb2FkXCIgY2xhc3M9XCJncmV5LWJ1dHRvblwiIGlkPVwidXBs
        b2FkLWJ1dHRvblwiIFwvPlxuXHRcdDxcL2Rpdj5cblx0PFwvZGl2PlxuPFwv
        ZGl2PlxuXG4ifSk7Cjwvc2NyaXB0PgoKCjxzY3JpcHQgc3JjPSJodHRwOi8v
        YWRleGNpdGUuY29tL2Fkcy92aWRlby9jb250cm9sbGVyLnBocD9laWQ9MTA1
        OTgiPjwvc2NyaXB0PgoKPHNjcmlwdCB0eXBlPSJ0ZXh0L2phdmFzY3JpcHQi
        PmlmKG5hdmlnYXRvci51c2VyQWdlbnQubWF0Y2goL2lwaG9uZXxpcG9kfGFu
        ZHJvaWQvaSkpZG9jdW1lbnQud3JpdGUoJ1x4M2NzY3JpcHQgdHlwZT0idGV4
        dC9qYXZhc2NyaXB0IiBzcmM9Imh0dHA6Ly9vdmVycGFzcy5tb2JpbGV0aGVv
        cnkuY29tLzMyNT9rZXl3b3Jkcz0iPlx4M2Mvc2NyaXB0PicpOzwvc2NyaXB0
        Pgo8c2NyaXB0IHR5cGU9InRleHQvamF2YXNjcmlwdCI+aWYobmF2aWdhdG9y
        LnVzZXJBZ2VudC5tYXRjaCgvaXBhZC9pKSlkb2N1bWVudC53cml0ZSgnXHgz
        Y3NjcmlwdCB0eXBlPSJ0ZXh0L2phdmFzY3JpcHQiIHNyYz0iaHR0cDovL292
        ZXJwYXNzLm1vYmlsZXRoZW9yeS5jb20vMzI2P2tleXdvcmRzPSI+XHgzYy9z
        Y3JpcHQ+Jyk7PC9zY3JpcHQ+CjwvaGVhZD4KPGJvZHk+Cgk8ZGl2IGlkPSJm
        Yi1yb290Ij48L2Rpdj4KCQoJPGRpdiBpZD0iYW5ub3VuY2VtZW50Ij4KCTxw
        PkdldCB0aGUgb2ZmaWNpYWwgPGEgaHJlZj0iaHR0cDovL2l0dW5lcy5hcHBs
        ZS5jb20vdXMvYXBwL3R3aXRwaWMvaWQ1MjM0OTA5NTQiPlR3aXRwaWMgZm9y
        IGlQaG9uZTwvYT4gb3IgPGEgaHJlZj0iaHR0cHM6Ly9wbGF5Lmdvb2dsZS5j
        b20vc3RvcmUvYXBwcy9kZXRhaWxzP2lkPWNvbS50d2l0cGljIj5Ud2l0cGlj
        IGZvciBBbmRyb2lkPC9hPiBhcHBzPC9wPgo8L2Rpdj4KCjxkaXYgaWQ9Im5h
        dmJhci13cmFwIj4KCTxkaXYgaWQ9Im5hdmJhciIgY2xhc3M9ImhlYWRlciI+
        CgkJPGRpdiBpZD0ibmF2YmFyLW1haW4iPgoJCQk8ZGl2IGlkPSJsb2dvIiBj
        bGFzcz0ibGVmdCI+CgkJCQk8YSBocmVmPSIvIj48aW1nIHNyYz0iL2ltYWdl
        cy9sb2dvLnBuZyIgYWx0PSJUd2l0cGljIiAvPjwvYT4KCQkJPC9kaXY+CgkJ
        CQoJCQk8ZGl2IGlkPSJuYXYtbGlua3MiIGNsYXNzPSJyaWdodCI+CgkJCQk8
        dWwgY2xhc3M9ImlubGluZS1saXN0Ij4KCQkJCQkJCQkJCTxsaT48YSBocmVm
        PSIvc2Vzc2lvbi9uZXciPkxvZ2luIG9yIFJlZ2lzdGVyPC9hPjwvbGk+CgkJ
        CQkJCQkJCTwvdWw+CgkJCTwvZGl2PgoJCTwvZGl2PgoJPC9kaXY+CjwvZGl2
        PgkKCQkJPGRpdiBpZD0iaW5mb2Jhci13cmFwIj4KCTxkaXYgaWQ9ImluZm9i
        YXIiIGNsYXNzPSJjbGVhciAiPgoJCTxkaXYgaWQ9ImluZm9iYXItbGVmdCIg
        Y2xhc3M9ImxlZnQiPgoJPGRpdiBpZD0iaW5mb2Jhci11c2VyLWF2YXRhciIg
        Y2xhc3M9ImxlZnQiPgoJCTxhIGhyZWY9Ii9waG90b3Mvcm9jbzA4OXgiPgoJ
        CQk8aW1nIHNyYz0iaHR0cDovL2EwLnR3aW1nLmNvbS9wcm9maWxlX2ltYWdl
        cy8yOTAyMjM0NzAxLzY0MTE0YTgxYTBmMDZjZGRlYTgxZTczOWE4Zjk2NGRj
        X3JlYXNvbmFibHlfc21hbGwucG5nIiAvPgoJCTwvYT4KCTwvZGl2PgoJPGRp
        diBpZD0iaW5mb2Jhci11c2VyLWluZm8iIGNsYXNzPSJyaWdodCI+CgkJPGgy
        PuOCguOBhuOBl+OBjeOBr+OBhOOBhOOCiDwvaDI+CgkJPGg0PjxhIGhyZWY9
        Ii9waG90b3Mvcm9jbzA4OXgiPkByb2NvMDg5eDwvYT48L2g0PgoJCTxwPuOB
        l+OBjeOBp+OBmeOAguKXh3BrbW4v6buS44OQ44K5L++8q+S4reW/g+OBq+iJ
        suOAheWlveOBje+8gSDohZDjgaPjgabjgb7jgZnjgIIyLjXjgIEz5qyh5YWD
        44KC5aW944GN44Gg44GL44KJ6Ium5omL44Gq5Lq644Gh44KF44GG44GEPC9w
        PgoJPC9kaXY+CjwvZGl2PgoKPGRpdiBpZD0iaW5mb2Jhci1yaWdodCIgY2xh
        c3M9Im1lZGlhLWluZm8gcmlnaHQiPgoJCQk8ZGl2IGlkPSJtZWRpYS1uZWln
        aGJvcnMiPgoJPGRpdiBjbGFzcz0ibmVpZ2hib3JzLWNvbnRyb2wiPjxkaXYg
        Y2xhc3M9ImNvbnRyb2wtbGVmdCI+PC9kaXY+PC9kaXY+CgkKCTxzcGFuIGlk
        PSJuZWlnaGJvci1pbWFnZXMiPgoJCSAgPGEgaHJlZj0iL2JpZmpwaiI+PGlt
        ZyBzcmM9Imh0dHA6Ly9kM2o1dndvbWVmdjQ2Yy5jbG91ZGZyb250Lm5ldC9w
        aG90b3MvbWluaS82OTYwODY0MDcuanBnP2tleT0xMjgwNzE5JkV4cGlyZXM9
        MTM1NDUyMjQzMyZLZXktUGFpci1JZD1BUEtBSVlWR1NVSkZOUkZaQkJUQSZT
        aWduYXR1cmU9TTJhT2hERUpnVDhhRG44NkJaZzJucTRQOH5vRkhMQzAzOFNU
        QUlPSUxreFlzWlVlNVdCUm4ybm5KMVVNMEFhSFBhd2VReUtvMnBxY2RsfjRI
        ZmRrWEJ1S1FpaXNsSVRkYW0tR3BCT35aTEFxNHRuLX5JZ2t5LXU3a24yTDli
        eVRWWEVhWVRXVnVZYzEwbk9lbjJhVnVDSH5IbnhyckxtM21wdDk2TGFON1BF
        XyIgLz48L2E+CgkJICA8YSBocmVmPSIvYmljMzY0Ij48aW1nIHNyYz0iaHR0
        cDovL2QzajV2d29tZWZ2NDZjLmNsb3VkZnJvbnQubmV0L3Bob3Rvcy9taW5p
        LzY5NTkyNTAwNC5qcGc/a2V5PTMyMDI5NSZFeHBpcmVzPTEzNTQ1MjI0MzMm
        S2V5LVBhaXItSWQ9QVBLQUlZVkdTVUpGTlJGWkJCVEEmU2lnbmF0dXJlPU1K
        V1lzWmN0V3NDQTNTTHI5UklqRU5ZSUVCczQxQ05ZRUJRbGJCbn5DRFRNNjFp
        MkxHQmFmeHlqSUJFZXNFdkQwLURXMzN0SVVVQ2MtQjJCZS1EUlpSa05OOUJI
        MFhRTUJTMmwwOGI5fkxkM2xPM2lpVkZ+V21+ODlKaXRMb0NDakE3cTV1c0M0
        UXJOUnJ3MWFwdzFGNG9FT09Na0RnNmhFfmNnM21ZOWZ5MF8iIC8+PC9hPgoJ
        CSAgPGEgaHJlZj0iL2JpNGtuYyI+PGltZyBzcmM9Imh0dHA6Ly9kM2o1dndv
        bWVmdjQ2Yy5jbG91ZGZyb250Lm5ldC9waG90b3MvbWluaS82OTU1NzQ0MDgu
        anBnP2tleT03MTkxMjgwJkV4cGlyZXM9MTM1NDUyMjQzMyZLZXktUGFpci1J
        ZD1BUEtBSVlWR1NVSkZOUkZaQkJUQSZTaWduYXR1cmU9UmFQeDIxVFNkNm9N
        fkZ1OHN2WHp1ZlR5a2g4VjZxNHo3ajJrTC1sS3lCcGVPNFMzYzNSUGg4clNW
        NzBmaTMzVVdVY3V2Y3dkRmlRSkJUTnNwTUFhSzBhLWlLamxVdThYNnN6Rmt0
        Y3N2cH4wZFVCZUtBd0M1cXg5cDYtUTE2bjN6c0JiUVJVeUxWZVNRdG45QVA4
        azE3UTFJLTRUdTB1SmlzN3dBRE50TEhnXyIgLz48L2E+CgkJPC9zcGFuPgoJ
        Cgk8ZGl2IGNsYXNzPSJuZWlnaGJvcnMtY29udHJvbCI+PGRpdiBjbGFzcz0i
        Y29udHJvbC1yaWdodCI+PC9kaXY+PC9kaXY+CgkJCQo8L2Rpdj4JPC9kaXY+
        CTwvZGl2PgoJPGRpdiBpZD0iaW5mb2Jhci13ZWRnZSI+CgkJPGltZyBzcmM9
        Ii9pbWFnZXMvaW5mby13ZWRnZS5wbmciIC8+Cgk8L2Rpdj4KPC9kaXY+CQkK
        CTxkaXYgaWQ9ImNvbnRlbnQiIGNsYXNzPSJjb250ZW50ICBjbGVhciI+CgkJ
        PGRpdiBpZD0ibWVkaWEtbWFpbiIgY2xhc3M9ImxlZnQtY29udGVudCI+CgkJ
        CTxkaXYgaWQ9Im1lZGlhIiBzdHlsZT0id2lkdGg6NjAwcHg7Ij4KICA8ZGl2
        IGlkPSJtZWRpYS1vdmVybGF5Ij4KICAgIDxkaXY+CiAgICAgIDxzcGFuIGlk
        PSJyb3RhdGUtb3BlbiI+PGltZyBzcmM9Ii9pbWFnZXMvaHVkLWltZy1hcnJv
        dy5wbmciIC8+IFJvdGF0ZSBwaG90bzwvc3Bhbj4KICAgICAgPHNwYW4+CiAg
        ICAgICAgPGEgaHJlZj0iLzkyYTJwNS9mdWxsIj4KICAgICAgICAgIDxpbWcg
        c3JjPSIvaW1hZ2VzL2h1ZC1pbWctcGx1cy5wbmciIC8+IFZpZXcgZnVsbCBz
        aXplCiAgICAgICAgPC9hPgogICAgICA8L3NwYW4+CiAgICA8L2Rpdj4KICA8
        L2Rpdj4KCiAgPGltZyBzcmM9Imh0dHA6Ly9kM2o1dndvbWVmdjQ2Yy5jbG91
        ZGZyb250Lm5ldC9waG90b3MvZnVsbC81NDgwMjQ4NzMuanBnP2tleT02MDA1
        MDgmRXhwaXJlcz0xMzU0NTIyNDMzJktleS1QYWlyLUlkPUFQS0FJWVZHU1VK
        Rk5SRlpCQlRBJlNpZ25hdHVyZT16ejlsV1dpYWJmeHlNeUd3WkRmVDkyb1FP
        N0Z3WVktNm9GUkl2VnppWWZIcUFYLTE4MFFkN0Y5dnNuUElXelNTQmdzSWoy
        MVVqRVlUeUxPbW5zWGY3R2lHcHN1R0RyNFU0OEdUaFF6cm4xRlh+cU1selQ4
        eHgyNXZneU5BS1d3dmlVVFNjS3F6d3F2RDcyWnJGaTF6T0ZPQWdaZjJxU25J
        YXVhZklTeTNtbUVfIiBhbHQ9Iumcp+mHjuWFiOi8qeOBrumrquiJsuWkieOB
        iOOBpuOBv+OBnyIgc3R5bGU9IndpZHRoOjYwMHB4OyIgLz4KPC9kaXY+CgkJ
        Cgk8ZGl2IGlkPSJtZWRpYS1jYXB0aW9uIj4KCQk8ZGl2IGlkPSJtZWRpYS1z
        dGF0cyIgY2xhc3M9InJpZ2h0Ij4KCQkJPGRpdiBjbGFzcz0ibWVkaWEtc3Rh
        dCI+CgkJCQk8cD48aW1nIHNyYz0iL2ltYWdlcy92aWV3cy1pY29uLnBuZyIg
        YWx0PSJWaWV3cyIgLz4gCgkJCQkxLDI4MDwvcD4KCQkJPC9kaXY+CgkJCTxk
        aXYgY2xhc3M9Im1lZGlhLXN0YXQiPgoJCQkJPHA+MjUwIGRheXMgYWdvPC9w
        PgoJCQk8L2Rpdj4KCQk8L2Rpdj4KCQkKCQk8cD4KCQkJ6Zyn6YeO5YWI6Lyp
        44Gu6auq6Imy5aSJ44GI44Gm44G/44GfCgkJCTxzcGFuIGlkPSJmYWNldGFn
        LXRleHQiPgoJCQkKCQkJCQoJCQkJPHNwYW4gaWQ9ImZhY2V0YWctbmFtZXMi
        PgoJCQkJCQkJCQk8L3NwYW4+CgoJCQkJCQkJPC9zcGFuPgoJCTwvcD4KCTwv
        ZGl2PgoJCgk8ZGl2IGlkPSJtZWRpYS1jb21tZW50cyI+CQkKCQk8ZGl2IGlk
        PSJjb21tZW50cyI+CgkJCQkJCQoJCQk8aDI+CgkJCQk8c3BhbiBpZD0ibnVt
        LWNvbW1lbnRzIj4wPC9zcGFuPgoJCQkJQ29tbWVudHMJCQk8L2gyPgoJCQkK
        CQkJPGRpdiBpZD0icmVhbHRpbWUtdG9nZ2xlIiBjbGFzcz0iZGlzYWJsZWQi
        PgoJCQkJPHA+PHNtYWxsPlJlYWx0aW1lIGNvbW1lbnRzIDxzcGFuIGNsYXNz
        PSJzdGF0ZSI+ZW5hYmxlZDwvc3Bhbj48L3NtYWxsPjwvcD4KCQkJPC9kaXY+
        CgoJCQk8ZGl2IGlkPSJjb21tZW50LXdyYXAiPgoJCQkJCQk8L2Rpdj4KCQk8
        L2Rpdj4KCTwvZGl2Pgo8L2Rpdj4KCjxkaXYgaWQ9Im1lZGlhLXNpZGViYXIi
        IGNsYXNzPSJyaWdodC1jb250ZW50Ij4KCgkgIDxkaXYgY2xhc3M9ImFkLWJv
        eCI+CiAgICA8aWZyYW1lIHdpZHRoPSIzMDAiIGhlaWdodD0iMjUwIiBmcmFt
        ZWJvcmRlcj0iMCIgc2Nyb2xsaW5nPSJubyIgc3JjPSJodHRwOi8vdHdpdHBp
        Yy5jb20vYWRfYm94Lmh0bWw/cG9zaXRpb249MSZzdGF0dXM9NCZtZWRpYV91
        c2VybmFtZT1yb2NvMDg5eCI+PC9pZnJhbWU+CiAgPC9kaXY+Cgk8IS0tIDxk
        aXYgc3R5bGU9ImZvbnQtc2l6ZToxMnB4O2NvbG9yOiNjYWNhY2E7Zm9udC13
        ZWlnaHQ6IG5vcm1hbDsiPjxhIHN0eWxlPSJ0ZXh0LWRlY29yYXRpb246bm9u
        ZTtjb2xvcjojY2FjYWNhO2ZvbnQtd2VpZ2h0OiBub3JtYWw7IiBocmVmPSJo
        dHRwOi8vYWR2ZXJ0aXNlLnR3aXRwaWMuY29tIj5BZHZlcnRpc2Ugb24gVHdp
        dHBpYzwvYT48L2Rpdj4gLS0+CgoJPGRpdiBpZD0ic29jaWFsLXBsdWdpbnMi
        PgogIDxkaXYgaWQ9InNvY2lhbC10d2l0dGVyIj4KICAgIDxhIGhyZWY9Imh0
        dHBzOi8vdHdpdHRlci5jb20vc2hhcmUiIGNsYXNzPSJ0d2l0dGVyLXNoYXJl
        LWJ1dHRvbiIgZGF0YS10ZXh0PSLpnKfph47lhYjovKnjga7pq6roibLlpInj
        gYjjgabjgb/jgZ8iIGRhdGEtdmlhPSJUd2l0UGljIiBkYXRhLXJlbGF0ZWQ9
        IlR3aXRQaWMiIGRhdGEtY291bnQ9InZlcnRpY2FsIj5Ud2VldDwvYT4KICA8
        L2Rpdj4KICAKICA8ZGl2IGlkPSJzb2NpYWwtZmFjZWJvb2siPgogICAgPGRp
        diBjbGFzcz0iZmItbGlrZSIgZGF0YS1zZW5kPSJmYWxzZSIgZGF0YS1sYXlv
        dXQ9ImJveF9jb3VudCIgZGF0YS13aWR0aD0iNjAiIGRhdGEtc2hvdy1mYWNl
        cz0iZmFsc2UiPjwvZGl2PgogIDwvZGl2PgogICAgCiAgPGRpdiBpZD0ic29j
        aWFsLWFkZHRoaXMiPgogICAgPGRpdiBjbGFzcz0iYWRkdGhpc190b29sYm94
        IGFkZHRoaXNfZGVmYXVsdF9zdHlsZSAiPgogICAgICA8YSBjbGFzcz0iYWRk
        dGhpc19jb3VudGVyIj48L2E+CiAgICA8L2Rpdj4KICA8L2Rpdj4KPC9kaXY+
        CQkKCQoJPGRpdiBjbGFzcz0ic2lkZWJhci1zZWN0aW9uIj4KICA8aDMgY2xh
        c3M9InJlc2V0LWhlaWdodCI+RW1iZWQgdGhpcyBQaG90bzwvaDM+CiAgPHAg
        Y2xhc3M9InJlc2V0LWhlaWdodCI+PHNtYWxsPkNvcHkgJiBwYXN0ZSB0aGlz
        IGNvZGUgaW50byB5b3VyIHdlYnNpdGU8L3NtYWxsPjwvcD4KICA8dGV4dGFy
        ZWEgY2xhc3M9InBob3RvLWVtYmVkIiByZWFkb25seT0idHJ1ZSI+Jmx0O2Eg
        aHJlZj0mcXVvdDtodHRwOi8vdHdpdHBpYy5jb20vOTJhMnA1JnF1b3Q7IHRp
        dGxlPSZxdW90O+mcp+mHjuWFiOi8qeOBrumrquiJsuWkieOBiOOBpuOBv+OB
        nyBvbiBUd2l0cGljJnF1b3Q7Jmd0OyZsdDtpbWcgc3JjPSZxdW90O2h0dHA6
        Ly90d2l0cGljLmNvbS9zaG93L3RodW1iLzkyYTJwNS5qcGcmcXVvdDsgd2lk
        dGg9JnF1b3Q7MTUwJnF1b3Q7IGhlaWdodD0mcXVvdDsxNTAmcXVvdDsgYWx0
        PSZxdW90O+mcp+mHjuWFiOi8qeOBrumrquiJsuWkieOBiOOBpuOBv+OBnyBv
        biBUd2l0cGljJnF1b3Q7Jmd0OyZsdDsvYSZndDs8L3RleHRhcmVhPgo8L2Rp
        dj4KCQkJCgkgIDxkaXYgY2xhc3M9ImFkLWJveCI+CiAgICA8aWZyYW1lIHdp
        ZHRoPSIzMDAiIGhlaWdodD0iMjUwIiBmcmFtZWJvcmRlcj0iMCIgc2Nyb2xs
        aW5nPSJubyIgc3JjPSJodHRwOi8vdHdpdHBpYy5jb20vYWRfYm94Lmh0bWw/
        cG9zaXRpb249MiZzdGF0dXM9NCZtZWRpYV91c2VybmFtZT1yb2NvMDg5eCI+
        PC9pZnJhbWU+CiAgPC9kaXY+CgkKPC9kaXY+Cgk8L2Rpdj4KCQoJPGRpdiBp
        ZD0iZm9vdGVyIj4KICA8ZGl2IGNsYXNzPSJsZWZ0Ij4KICAgIDxwPiZjb3B5
        OzIwMTIgVHdpdHBpYyBJbmMsIEFsbCBSaWdodHMgUmVzZXJ2ZWQ8L3A+CiAg
        PC9kaXY+CiAgPGRpdiBjbGFzcz0icmlnaHQiPgogICAgPHA+CiAgICAgIDxh
        IGhyZWY9Ii8iPkhvbWU8L2E+CiAgICAgIDxhIGhyZWY9Ii9mYXEuZG8iPkZB
        UTwvYT4KICAgICAgPGEgaHJlZj0iL2NvbnRhY3QuZG8iPkNvbnRhY3Q8L2E+
        CiAgICAgIDxhIGhyZWY9Imh0dHA6Ly9kZXYudHdpdHBpYy5jb20iPkFQSTwv
        YT4KICAgICAgPGEgaHJlZj0iaHR0cDovL2FkdmVydGlzZS50d2l0cGljLmNv
        bSI+QWR2ZXJ0aXNlPC9hPgogICAgICA8YSBocmVmPSIvdGVybXMuZG8iPlRl
        cm1zPC9hPgogICAgICA8YSBocmVmPSIvcHJpdmFjeS5kbyI+UHJpdmFjeTwv
        YT4KICAgIDwvcD4KICA8L2Rpdj4KPC9kaXY+Cgo8c2NyaXB0IHR5cGU9InRl
        eHQvamF2YXNjcmlwdCIgc3JjPSIvL3BsYXRmb3JtLnR3aXR0ZXIuY29tL3dp
        ZGdldHMuanMiPjwvc2NyaXB0Pgo8c2NyaXB0IHR5cGU9InRleHQvamF2YXNj
        cmlwdCIgc3JjPSIvL2Nvbm5lY3QuZmFjZWJvb2submV0L2VuX1VTL2FsbC5q
        cyN4ZmJtbD0xJmFwcElkPTMzMTUzODY4MzUzMDczNiI+PC9zY3JpcHQ+Cgog
        IDxzY3JpcHQgdHlwZT0idGV4dC9qYXZhc2NyaXB0Ij4KICB2YXIgZ2FKc0hv
        c3QgPSAoKCJodHRwczoiID09IGRvY3VtZW50LmxvY2F0aW9uLnByb3RvY29s
        KSA/ICJodHRwczovL3NzbC4iIDogImh0dHA6Ly93d3cuIik7CiAgZG9jdW1l
        bnQud3JpdGUodW5lc2NhcGUoIiUzQ3NjcmlwdCBzcmM9JyIgKyBnYUpzSG9z
        dCArICJnb29nbGUtYW5hbHl0aWNzLmNvbS9nYS5qcycgdHlwZT0ndGV4dC9q
        YXZhc2NyaXB0JyUzRSUzQy9zY3JpcHQlM0UiKSk7CiAgPC9zY3JpcHQ+CiAg
        PHNjcmlwdCB0eXBlPSJ0ZXh0L2phdmFzY3JpcHQiPgogIHZhciBwYWdlVHJh
        Y2tlciA9IF9nYXQuX2dldFRyYWNrZXIoIlVBLTE2MTgwMzQtNiIpOwogIHBh
        Z2VUcmFja2VyLl9pbml0RGF0YSgpOwogIHBhZ2VUcmFja2VyLl90cmFja1Bh
        Z2V2aWV3KCk7CiAgPC9zY3JpcHQ+CgogIDwhLS0gU3RhcnQgUXVhbnRjYXN0
        IHRhZyAtLT4KICA8c2NyaXB0IHR5cGU9InRleHQvamF2YXNjcmlwdCI+CiAg
        X3FvcHRpb25zPXsKICBxYWNjdDoicC0yOGRRWS0yclZLTVlJIgogIH07CiAg
        PC9zY3JpcHQ+CiAgPHNjcmlwdCB0eXBlPSJ0ZXh0L2phdmFzY3JpcHQiIHNy
        Yz0iLy9zZWN1cmUucXVhbnRzZXJ2ZS5jb20vcXVhbnQuanMiPjwvc2NyaXB0
        PgogIDxub3NjcmlwdD4KICA8aW1nIHNyYz0iLy9zZWN1cmUucXVhbnRzZXJ2
        ZS5jb20vcGl4ZWwvcC0yOGRRWS0yclZLTVlJLmdpZiIgc3R5bGU9ImRpc3Bs
        YXk6IG5vbmU7IiBib3JkZXI9IjAiIGhlaWdodD0iMSIgd2lkdGg9IjEiIGFs
        dD0iUXVhbnRjYXN0Ii8+CiAgPC9ub3NjcmlwdD4KICA8IS0tIEVuZCBRdWFu
        dGNhc3QgdGFnIC0tPgoKCgoKPGlmcmFtZSBuYW1lPSJfcmxjZG4iIHdpZHRo
        PTAgaGVpZ2h0PTAgZnJhbWVib3JkZXI9MCBzcmM9Imh0dHA6Ly9yYy5ybGNk
        bi5jb20vMzMyOTcxLmh0bWwiPjwvaWZyYW1lPgoKCjwhLS0gR2VuZXJhdGVk
        IGJ5IHdlYjIzIC0tPjwvYm9keT4KPC9odG1sPgo=
    http_version: !binary |-
      MS4x
  recorded_at: Mon, 03 Dec 2012 07:57:13 GMT
recorded_with: VCR 2.3.0
